
Microsoft Visual Studio Solution File, Format Version 12.00
# Visual Studio Version 16
VisualStudioVersion = 16.0.30907.101
MinimumVisualStudioVersion = 10.0.40219.1
Project("{FAE04EC0-301F-11D3-BF4B-00C04F79EFBC}") = "MyConsoleApp", "MyConsoleApp.csproj", "{852D29C0-D847-4193-A260-C7DE0542D6F1}"
EndProject
Global
	GlobalSection(SolutionConfigurationPlatforms) = preSolution
		Debug|Any CPU = Debug|Any CPU
		Release|Any CPU = Release|Any CPU
	EndGlobalSection
	GlobalSection(ProjectConfigurationPlatforms) = postSolution
		{852D29C0-D847-4193-A260-C7DE0542D6F1}.Debug|Any CPU.ActiveCfg = Debug|Any CPU
		{852D29C0-D847-4193-A260-C7DE0542D6F1}.Debug|Any CPU.Build.0 = Debug|Any CPU
		{852D29C0-D847-4193-A260-C7DE0542D6F1}.Release|Any CPU.ActiveCfg = Release|Any CPU
		{852D29C0-D847-4193-A260-C7DE0542D6F1}.Release|Any CPU.Build.0 = Release|Any CPU
	EndGlobalSection
	GlobalSection(SolutionProperties) = preSolution
		HideSolutionNode = FALSE
	EndGlobalSection
	GlobalSection(ExtensibilityGlobals) = postSolution
		SolutionGuid = {8C54BFF1-3ED6-4C43-B371-3D8FDC4C88F3}
	EndGlobalSection
EndGlobal
